
Microsoft Visual Studio Solution File, Format Version 12.00
# Visual Studio Version 16
VisualStudioVersion = 16.0.31702.278
MinimumVisualStudioVersion = 10.0.40219.1
Project("{9A19103F-16F7-4668-BE54-9A1E7A4F7556}") = "Firefly", "Firefly\Firefly.csproj", "{62E1F7FB-A6BD-44D2-B817-19861C074D0A}"
EndProject
Project("{9A19103F-16F7-4668-BE54-9A1E7A4F7556}") = "ExampleBase", "ExampleBase\ExampleBase.csproj", "{418286F4-200F-4D5F-BC26-A28DB22F1818}"
EndProject
Project("{9A19103F-16F7-4668-BE54-9A1E7A4F7556}") = "CubeExample", "CubeExample\CubeExample.csproj", "{94539C28-CD50-4D38-91AC-B3B2AB8F598E}"
EndProject
Project("{9A19103F-16F7-4668-BE54-9A1E7A4F7556}") = "LightingExample", "LightingExample\LightingExample.csproj", "{6C2733CC-4B4E-48DE-82F3-8FF45A2A9267}"
EndProject
Project("{FAE04EC0-301F-11D3-BF4B-00C04F79EFBC}") = "SceneEditor", "SceneEditor\SceneEditor.csproj", "{43B131F3-439F-4B2D-B6BC-5356582B32FD}"
EndProject
Global
	GlobalSection(SolutionConfigurationPlatforms) = preSolution
		Debug|Any CPU = Debug|Any CPU
		Release|Any CPU = Release|Any CPU
	EndGlobalSection
	GlobalSection(ProjectConfigurationPlatforms) = postSolution
		{62E1F7FB-A6BD-44D2-B817-19861C074D0A}.Debug|Any CPU.ActiveCfg = Debug|Any CPU
		{62E1F7FB-A6BD-44D2-B817-19861C074D0A}.Debug|Any CPU.Build.0 = Debug|Any CPU
		{62E1F7FB-A6BD-44D2-B817-19861C074D0A}.Release|Any CPU.ActiveCfg = Release|Any CPU
		{62E1F7FB-A6BD-44D2-B817-19861C074D0A}.Release|Any CPU.Build.0 = Release|Any CPU
		{418286F4-200F-4D5F-BC26-A28DB22F1818}.Debug|Any CPU.ActiveCfg = Debug|Any CPU
		{418286F4-200F-4D5F-BC26-A28DB22F1818}.Debug|Any CPU.Build.0 = Debug|Any CPU
		{418286F4-200F-4D5F-BC26-A28DB22F1818}.Release|Any CPU.ActiveCfg = Release|Any CPU
		{418286F4-200F-4D5F-BC26-A28DB22F1818}.Release|Any CPU.Build.0 = Release|Any CPU
		{94539C28-CD50-4D38-91AC-B3B2AB8F598E}.Debug|Any CPU.ActiveCfg = Debug|Any CPU
		{94539C28-CD50-4D38-91AC-B3B2AB8F598E}.Debug|Any CPU.Build.0 = Debug|Any CPU
		{94539C28-CD50-4D38-91AC-B3B2AB8F598E}.Release|Any CPU.ActiveCfg = Release|Any CPU
		{94539C28-CD50-4D38-91AC-B3B2AB8F598E}.Release|Any CPU.Build.0 = Release|Any CPU
		{6C2733CC-4B4E-48DE-82F3-8FF45A2A9267}.Debug|Any CPU.ActiveCfg = Debug|Any CPU
		{6C2733CC-4B4E-48DE-82F3-8FF45A2A9267}.Debug|Any CPU.Build.0 = Debug|Any CPU
		{6C2733CC-4B4E-48DE-82F3-8FF45A2A9267}.Release|Any CPU.ActiveCfg = Release|Any CPU
		{6C2733CC-4B4E-48DE-82F3-8FF45A2A9267}.Release|Any CPU.Build.0 = Release|Any CPU
		{43B131F3-439F-4B2D-B6BC-5356582B32FD}.Debug|Any CPU.ActiveCfg = Debug|Any CPU
		{43B131F3-439F-4B2D-B6BC-5356582B32FD}.Debug|Any CPU.Build.0 = Debug|Any CPU
		{43B131F3-439F-4B2D-B6BC-5356582B32FD}.Release|Any CPU.ActiveCfg = Release|Any CPU
		{43B131F3-439F-4B2D-B6BC-5356582B32FD}.Release|Any CPU.Build.0 = Release|Any CPU
	EndGlobalSection
	GlobalSection(SolutionProperties) = preSolution
		HideSolutionNode = FALSE
	EndGlobalSection
	GlobalSection(ExtensibilityGlobals) = postSolution
		SolutionGuid = {EB8ED738-76A9-499E-ACB3-4BF3417DEAC9}
	EndGlobalSection
EndGlobal
