
Microsoft Visual Studio Solution File, Format Version 12.00
# Visual Studio Version 17
VisualStudioVersion = 17.2.32519.379
MinimumVisualStudioVersion = 10.0.40219.1
Project("{9A19103F-16F7-4668-BE54-9A1E7A4F7556}") = "Maple", "Maple\Maple.csproj", "{62E1F7FB-A6BD-44D2-B817-19861C074D0A}"
EndProject
Project("{9A19103F-16F7-4668-BE54-9A1E7A4F7556}") = "ExampleBase", "Maple.Examples\ExampleBase\ExampleBase.csproj", "{418286F4-200F-4D5F-BC26-A28DB22F1818}"
EndProject
Project("{9A19103F-16F7-4668-BE54-9A1E7A4F7556}") = "CubeExample", "Maple.Examples\CubeExample\CubeExample.csproj", "{94539C28-CD50-4D38-91AC-B3B2AB8F598E}"
EndProject
Project("{9A19103F-16F7-4668-BE54-9A1E7A4F7556}") = "LightingExample", "Maple.Examples\LightingExample\LightingExample.csproj", "{6C2733CC-4B4E-48DE-82F3-8FF45A2A9267}"
EndProject
Project("{9A19103F-16F7-4668-BE54-9A1E7A4F7556}") = "RenderTextureExample", "Maple.Examples\RenderTextureExample\RenderTextureExample.csproj", "{6CA95A04-AD3C-4D3A-8DC6-085840E71922}"
EndProject
Project("{9A19103F-16F7-4668-BE54-9A1E7A4F7556}") = "CameraExample", "Maple.Examples\CameraExample\CameraExample.csproj", "{69CAFEB7-8568-4E6B-9E5B-5A7AA919E0DA}"
EndProject
Project("{2150E333-8FDC-42A3-9474-1A3956D46DE8}") = "Examples", "Examples", "{074B0E6D-E630-4B20-83A5-B228C5129A87}"
EndProject
Project("{2150E333-8FDC-42A3-9474-1A3956D46DE8}") = "Basic", "Basic", "{BB6BF158-573B-41FE-BB4B-17C13349D2DE}"
EndProject
Project("{FAE04EC0-301F-11D3-BF4B-00C04F79EFBC}") = "PBR", "Maple.Examples\PBR\PBR.csproj", "{52741CBF-CA4E-4717-83FA-D3F0DA0D17C5}"
EndProject
Global
	GlobalSection(SolutionConfigurationPlatforms) = preSolution
		Debug|Any CPU = Debug|Any CPU
		Release|Any CPU = Release|Any CPU
	EndGlobalSection
	GlobalSection(ProjectConfigurationPlatforms) = postSolution
		{62E1F7FB-A6BD-44D2-B817-19861C074D0A}.Debug|Any CPU.ActiveCfg = Debug|Any CPU
		{62E1F7FB-A6BD-44D2-B817-19861C074D0A}.Debug|Any CPU.Build.0 = Debug|Any CPU
		{62E1F7FB-A6BD-44D2-B817-19861C074D0A}.Release|Any CPU.ActiveCfg = Release|Any CPU
		{62E1F7FB-A6BD-44D2-B817-19861C074D0A}.Release|Any CPU.Build.0 = Release|Any CPU
		{418286F4-200F-4D5F-BC26-A28DB22F1818}.Debug|Any CPU.ActiveCfg = Debug|Any CPU
		{418286F4-200F-4D5F-BC26-A28DB22F1818}.Debug|Any CPU.Build.0 = Debug|Any CPU
		{418286F4-200F-4D5F-BC26-A28DB22F1818}.Release|Any CPU.ActiveCfg = Release|Any CPU
		{418286F4-200F-4D5F-BC26-A28DB22F1818}.Release|Any CPU.Build.0 = Release|Any CPU
		{94539C28-CD50-4D38-91AC-B3B2AB8F598E}.Debug|Any CPU.ActiveCfg = Debug|Any CPU
		{94539C28-CD50-4D38-91AC-B3B2AB8F598E}.Debug|Any CPU.Build.0 = Debug|Any CPU
		{94539C28-CD50-4D38-91AC-B3B2AB8F598E}.Release|Any CPU.ActiveCfg = Release|Any CPU
		{94539C28-CD50-4D38-91AC-B3B2AB8F598E}.Release|Any CPU.Build.0 = Release|Any CPU
		{6C2733CC-4B4E-48DE-82F3-8FF45A2A9267}.Debug|Any CPU.ActiveCfg = Debug|Any CPU
		{6C2733CC-4B4E-48DE-82F3-8FF45A2A9267}.Debug|Any CPU.Build.0 = Debug|Any CPU
		{6C2733CC-4B4E-48DE-82F3-8FF45A2A9267}.Release|Any CPU.ActiveCfg = Release|Any CPU
		{6C2733CC-4B4E-48DE-82F3-8FF45A2A9267}.Release|Any CPU.Build.0 = Release|Any CPU
		{200AAADD-6F5A-453C-85FC-0857D07E20A4}.Debug|Any CPU.ActiveCfg = Debug|Any CPU
		{200AAADD-6F5A-453C-85FC-0857D07E20A4}.Debug|Any CPU.Build.0 = Debug|Any CPU
		{200AAADD-6F5A-453C-85FC-0857D07E20A4}.Release|Any CPU.ActiveCfg = Release|Any CPU
		{200AAADD-6F5A-453C-85FC-0857D07E20A4}.Release|Any CPU.Build.0 = Release|Any CPU
		{3A2891CC-1E51-4FB6-B027-E44051E28E2F}.Debug|Any CPU.ActiveCfg = Debug|Any CPU
		{3A2891CC-1E51-4FB6-B027-E44051E28E2F}.Debug|Any CPU.Build.0 = Debug|Any CPU
		{3A2891CC-1E51-4FB6-B027-E44051E28E2F}.Release|Any CPU.ActiveCfg = Release|Any CPU
		{3A2891CC-1E51-4FB6-B027-E44051E28E2F}.Release|Any CPU.Build.0 = Release|Any CPU
		{6CA95A04-AD3C-4D3A-8DC6-085840E71922}.Debug|Any CPU.ActiveCfg = Debug|Any CPU
		{6CA95A04-AD3C-4D3A-8DC6-085840E71922}.Debug|Any CPU.Build.0 = Debug|Any CPU
		{6CA95A04-AD3C-4D3A-8DC6-085840E71922}.Release|Any CPU.ActiveCfg = Release|Any CPU
		{6CA95A04-AD3C-4D3A-8DC6-085840E71922}.Release|Any CPU.Build.0 = Release|Any CPU
		{69CAFEB7-8568-4E6B-9E5B-5A7AA919E0DA}.Debug|Any CPU.ActiveCfg = Debug|Any CPU
		{69CAFEB7-8568-4E6B-9E5B-5A7AA919E0DA}.Debug|Any CPU.Build.0 = Debug|Any CPU
		{69CAFEB7-8568-4E6B-9E5B-5A7AA919E0DA}.Release|Any CPU.ActiveCfg = Release|Any CPU
		{69CAFEB7-8568-4E6B-9E5B-5A7AA919E0DA}.Release|Any CPU.Build.0 = Release|Any CPU
		{52741CBF-CA4E-4717-83FA-D3F0DA0D17C5}.Debug|Any CPU.ActiveCfg = Debug|Any CPU
		{52741CBF-CA4E-4717-83FA-D3F0DA0D17C5}.Debug|Any CPU.Build.0 = Debug|Any CPU
		{52741CBF-CA4E-4717-83FA-D3F0DA0D17C5}.Release|Any CPU.ActiveCfg = Release|Any CPU
		{52741CBF-CA4E-4717-83FA-D3F0DA0D17C5}.Release|Any CPU.Build.0 = Release|Any CPU
	EndGlobalSection
	GlobalSection(SolutionProperties) = preSolution
		HideSolutionNode = FALSE
	EndGlobalSection
	GlobalSection(NestedProjects) = preSolution
		{418286F4-200F-4D5F-BC26-A28DB22F1818} = {074B0E6D-E630-4B20-83A5-B228C5129A87}
		{94539C28-CD50-4D38-91AC-B3B2AB8F598E} = {BB6BF158-573B-41FE-BB4B-17C13349D2DE}
		{6C2733CC-4B4E-48DE-82F3-8FF45A2A9267} = {074B0E6D-E630-4B20-83A5-B228C5129A87}
		{6CA95A04-AD3C-4D3A-8DC6-085840E71922} = {074B0E6D-E630-4B20-83A5-B228C5129A87}
		{69CAFEB7-8568-4E6B-9E5B-5A7AA919E0DA} = {BB6BF158-573B-41FE-BB4B-17C13349D2DE}
		{BB6BF158-573B-41FE-BB4B-17C13349D2DE} = {074B0E6D-E630-4B20-83A5-B228C5129A87}
		{52741CBF-CA4E-4717-83FA-D3F0DA0D17C5} = {074B0E6D-E630-4B20-83A5-B228C5129A87}
	EndGlobalSection
	GlobalSection(ExtensibilityGlobals) = postSolution
		SolutionGuid = {EB8ED738-76A9-499E-ACB3-4BF3417DEAC9}
	EndGlobalSection
EndGlobal
