
Microsoft Visual Studio Solution File, Format Version 12.00
# Visual Studio Version 17
VisualStudioVersion = 17.0.31903.59
MinimumVisualStudioVersion = 10.0.40219.1
Project("{2150E333-8FDC-42A3-9474-1A3956D46DE8}") = "Maple.Examples", "Maple.Examples", "{346806CE-A70C-4C67-895D-53A34FAE0BB3}"
EndProject
Project("{FAE04EC0-301F-11D3-BF4B-00C04F79EFBC}") = "Cube", "Maple.Examples\Cube\Cube.csproj", "{C1F56003-7974-4B1C-8904-76B4D3DC438B}"
EndProject
Project("{FAE04EC0-301F-11D3-BF4B-00C04F79EFBC}") = "ExampleBase", "Maple.Examples\ExampleBase\ExampleBase.csproj", "{86904486-7ACD-42D8-9C25-05808FDDF4E3}"
EndProject
Project("{FAE04EC0-301F-11D3-BF4B-00C04F79EFBC}") = "Maple", "Maple\Maple.csproj", "{658D3CF7-F5A5-44F2-9EF5-4BB3C1112D13}"
EndProject
Project("{FAE04EC0-301F-11D3-BF4B-00C04F79EFBC}") = "Scene", "Maple.Examples\Scene\Scene.csproj", "{67CF6289-A0D7-45BC-A121-07D4D1210425}"
EndProject
Project("{FAE04EC0-301F-11D3-BF4B-00C04F79EFBC}") = "Camera", "Maple.Examples\Camera\Camera.csproj", "{48CBD98F-810D-4659-84C6-ACD6C2F2CB3F}"
EndProject
Project("{FAE04EC0-301F-11D3-BF4B-00C04F79EFBC}") = "Lighting", "Maple.Examples\Lighting\Lighting.csproj", "{BD25B8F2-82A4-48E5-BF27-4B3AEE4206DD}"
EndProject
Project("{FAE04EC0-301F-11D3-BF4B-00C04F79EFBC}") = "RenderTexture", "Maple.Examples\RenderTexture\RenderTexture.csproj", "{DE4F76FB-526C-43FC-8165-30E0B1857FB6}"
EndProject
Global
	GlobalSection(SolutionConfigurationPlatforms) = preSolution
		Debug|Any CPU = Debug|Any CPU
		Release|Any CPU = Release|Any CPU
	EndGlobalSection
	GlobalSection(SolutionProperties) = preSolution
		HideSolutionNode = FALSE
	EndGlobalSection
	GlobalSection(ProjectConfigurationPlatforms) = postSolution
		{C1F56003-7974-4B1C-8904-76B4D3DC438B}.Debug|Any CPU.ActiveCfg = Debug|Any CPU
		{C1F56003-7974-4B1C-8904-76B4D3DC438B}.Debug|Any CPU.Build.0 = Debug|Any CPU
		{C1F56003-7974-4B1C-8904-76B4D3DC438B}.Release|Any CPU.ActiveCfg = Release|Any CPU
		{C1F56003-7974-4B1C-8904-76B4D3DC438B}.Release|Any CPU.Build.0 = Release|Any CPU
		{86904486-7ACD-42D8-9C25-05808FDDF4E3}.Debug|Any CPU.ActiveCfg = Debug|Any CPU
		{86904486-7ACD-42D8-9C25-05808FDDF4E3}.Debug|Any CPU.Build.0 = Debug|Any CPU
		{86904486-7ACD-42D8-9C25-05808FDDF4E3}.Release|Any CPU.ActiveCfg = Release|Any CPU
		{86904486-7ACD-42D8-9C25-05808FDDF4E3}.Release|Any CPU.Build.0 = Release|Any CPU
		{658D3CF7-F5A5-44F2-9EF5-4BB3C1112D13}.Debug|Any CPU.ActiveCfg = Debug|Any CPU
		{658D3CF7-F5A5-44F2-9EF5-4BB3C1112D13}.Debug|Any CPU.Build.0 = Debug|Any CPU
		{658D3CF7-F5A5-44F2-9EF5-4BB3C1112D13}.Release|Any CPU.ActiveCfg = Release|Any CPU
		{658D3CF7-F5A5-44F2-9EF5-4BB3C1112D13}.Release|Any CPU.Build.0 = Release|Any CPU
		{67CF6289-A0D7-45BC-A121-07D4D1210425}.Debug|Any CPU.ActiveCfg = Debug|Any CPU
		{67CF6289-A0D7-45BC-A121-07D4D1210425}.Debug|Any CPU.Build.0 = Debug|Any CPU
		{67CF6289-A0D7-45BC-A121-07D4D1210425}.Release|Any CPU.ActiveCfg = Release|Any CPU
		{67CF6289-A0D7-45BC-A121-07D4D1210425}.Release|Any CPU.Build.0 = Release|Any CPU
		{48CBD98F-810D-4659-84C6-ACD6C2F2CB3F}.Debug|Any CPU.ActiveCfg = Debug|Any CPU
		{48CBD98F-810D-4659-84C6-ACD6C2F2CB3F}.Debug|Any CPU.Build.0 = Debug|Any CPU
		{48CBD98F-810D-4659-84C6-ACD6C2F2CB3F}.Release|Any CPU.ActiveCfg = Release|Any CPU
		{48CBD98F-810D-4659-84C6-ACD6C2F2CB3F}.Release|Any CPU.Build.0 = Release|Any CPU
		{BD25B8F2-82A4-48E5-BF27-4B3AEE4206DD}.Debug|Any CPU.ActiveCfg = Debug|Any CPU
		{BD25B8F2-82A4-48E5-BF27-4B3AEE4206DD}.Debug|Any CPU.Build.0 = Debug|Any CPU
		{BD25B8F2-82A4-48E5-BF27-4B3AEE4206DD}.Release|Any CPU.ActiveCfg = Release|Any CPU
		{BD25B8F2-82A4-48E5-BF27-4B3AEE4206DD}.Release|Any CPU.Build.0 = Release|Any CPU
		{DE4F76FB-526C-43FC-8165-30E0B1857FB6}.Debug|Any CPU.ActiveCfg = Debug|Any CPU
		{DE4F76FB-526C-43FC-8165-30E0B1857FB6}.Debug|Any CPU.Build.0 = Debug|Any CPU
		{DE4F76FB-526C-43FC-8165-30E0B1857FB6}.Release|Any CPU.ActiveCfg = Release|Any CPU
		{DE4F76FB-526C-43FC-8165-30E0B1857FB6}.Release|Any CPU.Build.0 = Release|Any CPU
	EndGlobalSection
	GlobalSection(NestedProjects) = preSolution
		{C1F56003-7974-4B1C-8904-76B4D3DC438B} = {346806CE-A70C-4C67-895D-53A34FAE0BB3}
		{86904486-7ACD-42D8-9C25-05808FDDF4E3} = {346806CE-A70C-4C67-895D-53A34FAE0BB3}
		{67CF6289-A0D7-45BC-A121-07D4D1210425} = {346806CE-A70C-4C67-895D-53A34FAE0BB3}
		{48CBD98F-810D-4659-84C6-ACD6C2F2CB3F} = {346806CE-A70C-4C67-895D-53A34FAE0BB3}
		{BD25B8F2-82A4-48E5-BF27-4B3AEE4206DD} = {346806CE-A70C-4C67-895D-53A34FAE0BB3}
		{DE4F76FB-526C-43FC-8165-30E0B1857FB6} = {346806CE-A70C-4C67-895D-53A34FAE0BB3}
	EndGlobalSection
EndGlobal
